
Microsoft Visual Studio Solution File, Format Version 12.00
# Visual Studio 15
VisualStudioVersion = 15.0.26206.0
MinimumVisualStudioVersion = 10.0.40219.1
Project("{FAE04EC0-301F-11D3-BF4B-00C04F79EFBC}") = "Keeper.DotMudCore", "Keeper.DotMudCore\Keeper.DotMudCore.csproj", "{EAC24A71-1E31-4472-983E-5AB8EC1639B1}"
EndProject
Project("{FAE04EC0-301F-11D3-BF4B-00C04F79EFBC}") = "Keeper.DotMudCore.HelloWorldSample", "Keeper.DotMudCore.HelloWorldSample\Keeper.DotMudCore.HelloWorldSample.csproj", "{D41440C3-515F-4C0D-B3CD-ACCF52D48F74}"
EndProject
Project("{FAE04EC0-301F-11D3-BF4B-00C04F79EFBC}") = "Keeper.DotMudCore.Identity", "Keeper.DotMudCore.Identity\Keeper.DotMudCore.Identity.csproj", "{0FE67137-A01F-4BBC-9733-EF0D0B25CF92}"
EndProject
Project("{FAE04EC0-301F-11D3-BF4B-00C04F79EFBC}") = "Keeper.DotMudCore.Tcp", "Keeper.DotMudCore.Tcp\Keeper.DotMudCore.Tcp.csproj", "{E0977EDA-CCF1-4E7B-BD63-B3ADA6EC0385}"
EndProject
Project("{9A19103F-16F7-4668-BE54-9A1E7A4F7556}") = "Keeper.DotMudCore.Serilog", "Keeper.DotMudCore.Serilog\Keeper.DotMudCore.Serilog.csproj", "{0688C6BF-4381-44FC-94B9-FE30825B3FC0}"
EndProject
Global
	GlobalSection(SolutionConfigurationPlatforms) = preSolution
		Debug|Any CPU = Debug|Any CPU
		Debug|x64 = Debug|x64
		Debug|x86 = Debug|x86
		Release|Any CPU = Release|Any CPU
		Release|x64 = Release|x64
		Release|x86 = Release|x86
	EndGlobalSection
	GlobalSection(ProjectConfigurationPlatforms) = postSolution
		{EAC24A71-1E31-4472-983E-5AB8EC1639B1}.Debug|Any CPU.ActiveCfg = Debug|Any CPU
		{EAC24A71-1E31-4472-983E-5AB8EC1639B1}.Debug|Any CPU.Build.0 = Debug|Any CPU
		{EAC24A71-1E31-4472-983E-5AB8EC1639B1}.Debug|x64.ActiveCfg = Debug|x64
		{EAC24A71-1E31-4472-983E-5AB8EC1639B1}.Debug|x64.Build.0 = Debug|x64
		{EAC24A71-1E31-4472-983E-5AB8EC1639B1}.Debug|x86.ActiveCfg = Debug|x86
		{EAC24A71-1E31-4472-983E-5AB8EC1639B1}.Debug|x86.Build.0 = Debug|x86
		{EAC24A71-1E31-4472-983E-5AB8EC1639B1}.Release|Any CPU.ActiveCfg = Release|Any CPU
		{EAC24A71-1E31-4472-983E-5AB8EC1639B1}.Release|Any CPU.Build.0 = Release|Any CPU
		{EAC24A71-1E31-4472-983E-5AB8EC1639B1}.Release|x64.ActiveCfg = Release|x64
		{EAC24A71-1E31-4472-983E-5AB8EC1639B1}.Release|x64.Build.0 = Release|x64
		{EAC24A71-1E31-4472-983E-5AB8EC1639B1}.Release|x86.ActiveCfg = Release|x86
		{EAC24A71-1E31-4472-983E-5AB8EC1639B1}.Release|x86.Build.0 = Release|x86
		{D41440C3-515F-4C0D-B3CD-ACCF52D48F74}.Debug|Any CPU.ActiveCfg = Debug|Any CPU
		{D41440C3-515F-4C0D-B3CD-ACCF52D48F74}.Debug|Any CPU.Build.0 = Debug|Any CPU
		{D41440C3-515F-4C0D-B3CD-ACCF52D48F74}.Debug|x64.ActiveCfg = Debug|x64
		{D41440C3-515F-4C0D-B3CD-ACCF52D48F74}.Debug|x64.Build.0 = Debug|x64
		{D41440C3-515F-4C0D-B3CD-ACCF52D48F74}.Debug|x86.ActiveCfg = Debug|x86
		{D41440C3-515F-4C0D-B3CD-ACCF52D48F74}.Debug|x86.Build.0 = Debug|x86
		{D41440C3-515F-4C0D-B3CD-ACCF52D48F74}.Release|Any CPU.ActiveCfg = Release|Any CPU
		{D41440C3-515F-4C0D-B3CD-ACCF52D48F74}.Release|Any CPU.Build.0 = Release|Any CPU
		{D41440C3-515F-4C0D-B3CD-ACCF52D48F74}.Release|x64.ActiveCfg = Release|x64
		{D41440C3-515F-4C0D-B3CD-ACCF52D48F74}.Release|x64.Build.0 = Release|x64
		{D41440C3-515F-4C0D-B3CD-ACCF52D48F74}.Release|x86.ActiveCfg = Release|x86
		{D41440C3-515F-4C0D-B3CD-ACCF52D48F74}.Release|x86.Build.0 = Release|x86
		{0FE67137-A01F-4BBC-9733-EF0D0B25CF92}.Debug|Any CPU.ActiveCfg = Debug|Any CPU
		{0FE67137-A01F-4BBC-9733-EF0D0B25CF92}.Debug|Any CPU.Build.0 = Debug|Any CPU
		{0FE67137-A01F-4BBC-9733-EF0D0B25CF92}.Debug|x64.ActiveCfg = Debug|x64
		{0FE67137-A01F-4BBC-9733-EF0D0B25CF92}.Debug|x64.Build.0 = Debug|x64
		{0FE67137-A01F-4BBC-9733-EF0D0B25CF92}.Debug|x86.ActiveCfg = Debug|x86
		{0FE67137-A01F-4BBC-9733-EF0D0B25CF92}.Debug|x86.Build.0 = Debug|x86
		{0FE67137-A01F-4BBC-9733-EF0D0B25CF92}.Release|Any CPU.ActiveCfg = Release|Any CPU
		{0FE67137-A01F-4BBC-9733-EF0D0B25CF92}.Release|Any CPU.Build.0 = Release|Any CPU
		{0FE67137-A01F-4BBC-9733-EF0D0B25CF92}.Release|x64.ActiveCfg = Release|x64
		{0FE67137-A01F-4BBC-9733-EF0D0B25CF92}.Release|x64.Build.0 = Release|x64
		{0FE67137-A01F-4BBC-9733-EF0D0B25CF92}.Release|x86.ActiveCfg = Release|x86
		{0FE67137-A01F-4BBC-9733-EF0D0B25CF92}.Release|x86.Build.0 = Release|x86
		{E0977EDA-CCF1-4E7B-BD63-B3ADA6EC0385}.Debug|Any CPU.ActiveCfg = Debug|Any CPU
		{E0977EDA-CCF1-4E7B-BD63-B3ADA6EC0385}.Debug|Any CPU.Build.0 = Debug|Any CPU
		{E0977EDA-CCF1-4E7B-BD63-B3ADA6EC0385}.Debug|x64.ActiveCfg = Debug|x64
		{E0977EDA-CCF1-4E7B-BD63-B3ADA6EC0385}.Debug|x64.Build.0 = Debug|x64
		{E0977EDA-CCF1-4E7B-BD63-B3ADA6EC0385}.Debug|x86.ActiveCfg = Debug|x86
		{E0977EDA-CCF1-4E7B-BD63-B3ADA6EC0385}.Debug|x86.Build.0 = Debug|x86
		{E0977EDA-CCF1-4E7B-BD63-B3ADA6EC0385}.Release|Any CPU.ActiveCfg = Release|Any CPU
		{E0977EDA-CCF1-4E7B-BD63-B3ADA6EC0385}.Release|Any CPU.Build.0 = Release|Any CPU
		{E0977EDA-CCF1-4E7B-BD63-B3ADA6EC0385}.Release|x64.ActiveCfg = Release|x64
		{E0977EDA-CCF1-4E7B-BD63-B3ADA6EC0385}.Release|x64.Build.0 = Release|x64
		{E0977EDA-CCF1-4E7B-BD63-B3ADA6EC0385}.Release|x86.ActiveCfg = Release|x86
		{E0977EDA-CCF1-4E7B-BD63-B3ADA6EC0385}.Release|x86.Build.0 = Release|x86
		{0688C6BF-4381-44FC-94B9-FE30825B3FC0}.Debug|Any CPU.ActiveCfg = Debug|Any CPU
		{0688C6BF-4381-44FC-94B9-FE30825B3FC0}.Debug|Any CPU.Build.0 = Debug|Any CPU
		{0688C6BF-4381-44FC-94B9-FE30825B3FC0}.Debug|x64.ActiveCfg = Debug|x64
		{0688C6BF-4381-44FC-94B9-FE30825B3FC0}.Debug|x64.Build.0 = Debug|x64
		{0688C6BF-4381-44FC-94B9-FE30825B3FC0}.Debug|x86.ActiveCfg = Debug|x86
		{0688C6BF-4381-44FC-94B9-FE30825B3FC0}.Debug|x86.Build.0 = Debug|x86
		{0688C6BF-4381-44FC-94B9-FE30825B3FC0}.Release|Any CPU.ActiveCfg = Release|Any CPU
		{0688C6BF-4381-44FC-94B9-FE30825B3FC0}.Release|Any CPU.Build.0 = Release|Any CPU
		{0688C6BF-4381-44FC-94B9-FE30825B3FC0}.Release|x64.ActiveCfg = Release|x64
		{0688C6BF-4381-44FC-94B9-FE30825B3FC0}.Release|x64.Build.0 = Release|x64
		{0688C6BF-4381-44FC-94B9-FE30825B3FC0}.Release|x86.ActiveCfg = Release|x86
		{0688C6BF-4381-44FC-94B9-FE30825B3FC0}.Release|x86.Build.0 = Release|x86
	EndGlobalSection
	GlobalSection(SolutionProperties) = preSolution
		HideSolutionNode = FALSE
	EndGlobalSection
EndGlobal
