
Microsoft Visual Studio Solution File, Format Version 12.00
# Visual Studio 15
VisualStudioVersion = 15.0.26206.0
MinimumVisualStudioVersion = 10.0.40219.1
Project("{9A19103F-16F7-4668-BE54-9A1E7A4F7556}") = "Keeper.SimpleMud", "Keeper.SimpleMud\Keeper.SimpleMud.csproj", "{8D9EB92C-D668-4A7E-9AB9-67BEAAF81637}"
EndProject
Project("{9A19103F-16F7-4668-BE54-9A1E7A4F7556}") = "Keeper.MercuryCore", "Keeper.MercuryCore\Keeper.MercuryCore.csproj", "{7B8C234B-867A-4822-837C-18BCAFAE48F3}"
EndProject
Project("{9A19103F-16F7-4668-BE54-9A1E7A4F7556}") = "Keeper.MercuryCore.Serilog", "Keeper.MercuryCore.Serilog\Keeper.MercuryCore.Serilog.csproj", "{CB3D59A0-F87A-4DFA-A670-D7DF57BDE22A}"
EndProject
Project("{9A19103F-16F7-4668-BE54-9A1E7A4F7556}") = "Keeper.MercuryCore.Tcp", "Keeper.MercuryCore.Tcp\Keeper.MercuryCore.Tcp.csproj", "{13164481-17A0-4E5F-BEFB-92BACFBEF874}"
EndProject
Global
	GlobalSection(SolutionConfigurationPlatforms) = preSolution
		Debug|Any CPU = Debug|Any CPU
		Debug|x64 = Debug|x64
		Debug|x86 = Debug|x86
		Release|Any CPU = Release|Any CPU
		Release|x64 = Release|x64
		Release|x86 = Release|x86
	EndGlobalSection
	GlobalSection(ProjectConfigurationPlatforms) = postSolution
		{8D9EB92C-D668-4A7E-9AB9-67BEAAF81637}.Debug|Any CPU.ActiveCfg = Debug|Any CPU
		{8D9EB92C-D668-4A7E-9AB9-67BEAAF81637}.Debug|Any CPU.Build.0 = Debug|Any CPU
		{8D9EB92C-D668-4A7E-9AB9-67BEAAF81637}.Debug|x64.ActiveCfg = Debug|x64
		{8D9EB92C-D668-4A7E-9AB9-67BEAAF81637}.Debug|x64.Build.0 = Debug|x64
		{8D9EB92C-D668-4A7E-9AB9-67BEAAF81637}.Debug|x86.ActiveCfg = Debug|x86
		{8D9EB92C-D668-4A7E-9AB9-67BEAAF81637}.Debug|x86.Build.0 = Debug|x86
		{8D9EB92C-D668-4A7E-9AB9-67BEAAF81637}.Release|Any CPU.ActiveCfg = Release|Any CPU
		{8D9EB92C-D668-4A7E-9AB9-67BEAAF81637}.Release|Any CPU.Build.0 = Release|Any CPU
		{8D9EB92C-D668-4A7E-9AB9-67BEAAF81637}.Release|x64.ActiveCfg = Release|x64
		{8D9EB92C-D668-4A7E-9AB9-67BEAAF81637}.Release|x64.Build.0 = Release|x64
		{8D9EB92C-D668-4A7E-9AB9-67BEAAF81637}.Release|x86.ActiveCfg = Release|x86
		{8D9EB92C-D668-4A7E-9AB9-67BEAAF81637}.Release|x86.Build.0 = Release|x86
		{7B8C234B-867A-4822-837C-18BCAFAE48F3}.Debug|Any CPU.ActiveCfg = Debug|Any CPU
		{7B8C234B-867A-4822-837C-18BCAFAE48F3}.Debug|Any CPU.Build.0 = Debug|Any CPU
		{7B8C234B-867A-4822-837C-18BCAFAE48F3}.Debug|x64.ActiveCfg = Debug|x64
		{7B8C234B-867A-4822-837C-18BCAFAE48F3}.Debug|x64.Build.0 = Debug|x64
		{7B8C234B-867A-4822-837C-18BCAFAE48F3}.Debug|x86.ActiveCfg = Debug|x86
		{7B8C234B-867A-4822-837C-18BCAFAE48F3}.Debug|x86.Build.0 = Debug|x86
		{7B8C234B-867A-4822-837C-18BCAFAE48F3}.Release|Any CPU.ActiveCfg = Release|Any CPU
		{7B8C234B-867A-4822-837C-18BCAFAE48F3}.Release|Any CPU.Build.0 = Release|Any CPU
		{7B8C234B-867A-4822-837C-18BCAFAE48F3}.Release|x64.ActiveCfg = Release|x64
		{7B8C234B-867A-4822-837C-18BCAFAE48F3}.Release|x64.Build.0 = Release|x64
		{7B8C234B-867A-4822-837C-18BCAFAE48F3}.Release|x86.ActiveCfg = Release|x86
		{7B8C234B-867A-4822-837C-18BCAFAE48F3}.Release|x86.Build.0 = Release|x86
		{CB3D59A0-F87A-4DFA-A670-D7DF57BDE22A}.Debug|Any CPU.ActiveCfg = Debug|Any CPU
		{CB3D59A0-F87A-4DFA-A670-D7DF57BDE22A}.Debug|Any CPU.Build.0 = Debug|Any CPU
		{CB3D59A0-F87A-4DFA-A670-D7DF57BDE22A}.Debug|x64.ActiveCfg = Debug|x64
		{CB3D59A0-F87A-4DFA-A670-D7DF57BDE22A}.Debug|x64.Build.0 = Debug|x64
		{CB3D59A0-F87A-4DFA-A670-D7DF57BDE22A}.Debug|x86.ActiveCfg = Debug|x86
		{CB3D59A0-F87A-4DFA-A670-D7DF57BDE22A}.Debug|x86.Build.0 = Debug|x86
		{CB3D59A0-F87A-4DFA-A670-D7DF57BDE22A}.Release|Any CPU.ActiveCfg = Release|Any CPU
		{CB3D59A0-F87A-4DFA-A670-D7DF57BDE22A}.Release|Any CPU.Build.0 = Release|Any CPU
		{CB3D59A0-F87A-4DFA-A670-D7DF57BDE22A}.Release|x64.ActiveCfg = Release|x64
		{CB3D59A0-F87A-4DFA-A670-D7DF57BDE22A}.Release|x64.Build.0 = Release|x64
		{CB3D59A0-F87A-4DFA-A670-D7DF57BDE22A}.Release|x86.ActiveCfg = Release|x86
		{CB3D59A0-F87A-4DFA-A670-D7DF57BDE22A}.Release|x86.Build.0 = Release|x86
		{13164481-17A0-4E5F-BEFB-92BACFBEF874}.Debug|Any CPU.ActiveCfg = Debug|Any CPU
		{13164481-17A0-4E5F-BEFB-92BACFBEF874}.Debug|Any CPU.Build.0 = Debug|Any CPU
		{13164481-17A0-4E5F-BEFB-92BACFBEF874}.Debug|x64.ActiveCfg = Debug|x64
		{13164481-17A0-4E5F-BEFB-92BACFBEF874}.Debug|x64.Build.0 = Debug|x64
		{13164481-17A0-4E5F-BEFB-92BACFBEF874}.Debug|x86.ActiveCfg = Debug|x86
		{13164481-17A0-4E5F-BEFB-92BACFBEF874}.Debug|x86.Build.0 = Debug|x86
		{13164481-17A0-4E5F-BEFB-92BACFBEF874}.Release|Any CPU.ActiveCfg = Release|Any CPU
		{13164481-17A0-4E5F-BEFB-92BACFBEF874}.Release|Any CPU.Build.0 = Release|Any CPU
		{13164481-17A0-4E5F-BEFB-92BACFBEF874}.Release|x64.ActiveCfg = Release|x64
		{13164481-17A0-4E5F-BEFB-92BACFBEF874}.Release|x64.Build.0 = Release|x64
		{13164481-17A0-4E5F-BEFB-92BACFBEF874}.Release|x86.ActiveCfg = Release|x86
		{13164481-17A0-4E5F-BEFB-92BACFBEF874}.Release|x86.Build.0 = Release|x86
	EndGlobalSection
	GlobalSection(SolutionProperties) = preSolution
		HideSolutionNode = FALSE
	EndGlobalSection
EndGlobal
